
Microsoft Visual Studio Solution File, Format Version 12.00
# Visual Studio Version 16
VisualStudioVersion = 16.0.29418.71
MinimumVisualStudioVersion = 10.0.40219.1
Project("{FAE04EC0-301F-11D3-BF4B-00C04F79EFBC}") = "QuickBuy.Dominio", "QuickBuy.Dominio\QuickBuy.Dominio.csproj", "{D16A47B9-DF5D-4355-8B4F-E6A21DCC6F39}"
EndProject
Project("{FAE04EC0-301F-11D3-BF4B-00C04F79EFBC}") = "QuickBuy.Repositorio", "QuickBuy.Repositorio\QuickBuy.Repositorio.csproj", "{92D076DA-523A-4989-8BF6-9EFBE30AF6A3}"
EndProject
Project("{FAE04EC0-301F-11D3-BF4B-00C04F79EFBC}") = "QuickBuy.Web", "QuickBuy.Web\QuickBuy.Web.csproj", "{F6366999-2071-479F-ADB7-13AC03090FC9}"
EndProject
Global
	GlobalSection(SolutionConfigurationPlatforms) = preSolution
		Debug|Any CPU = Debug|Any CPU
		Release|Any CPU = Release|Any CPU
	EndGlobalSection
	GlobalSection(ProjectConfigurationPlatforms) = postSolution
		{D16A47B9-DF5D-4355-8B4F-E6A21DCC6F39}.Debug|Any CPU.ActiveCfg = Debug|Any CPU
		{D16A47B9-DF5D-4355-8B4F-E6A21DCC6F39}.Debug|Any CPU.Build.0 = Debug|Any CPU
		{D16A47B9-DF5D-4355-8B4F-E6A21DCC6F39}.Release|Any CPU.ActiveCfg = Release|Any CPU
		{D16A47B9-DF5D-4355-8B4F-E6A21DCC6F39}.Release|Any CPU.Build.0 = Release|Any CPU
		{92D076DA-523A-4989-8BF6-9EFBE30AF6A3}.Debug|Any CPU.ActiveCfg = Debug|Any CPU
		{92D076DA-523A-4989-8BF6-9EFBE30AF6A3}.Debug|Any CPU.Build.0 = Debug|Any CPU
		{92D076DA-523A-4989-8BF6-9EFBE30AF6A3}.Release|Any CPU.ActiveCfg = Release|Any CPU
		{92D076DA-523A-4989-8BF6-9EFBE30AF6A3}.Release|Any CPU.Build.0 = Release|Any CPU
		{F6366999-2071-479F-ADB7-13AC03090FC9}.Debug|Any CPU.ActiveCfg = Debug|Any CPU
		{F6366999-2071-479F-ADB7-13AC03090FC9}.Debug|Any CPU.Build.0 = Debug|Any CPU
		{F6366999-2071-479F-ADB7-13AC03090FC9}.Release|Any CPU.ActiveCfg = Release|Any CPU
		{F6366999-2071-479F-ADB7-13AC03090FC9}.Release|Any CPU.Build.0 = Release|Any CPU
	EndGlobalSection
	GlobalSection(SolutionProperties) = preSolution
		HideSolutionNode = FALSE
	EndGlobalSection
	GlobalSection(ExtensibilityGlobals) = postSolution
		SolutionGuid = {CD5AEACB-C60A-42F7-AF18-0558F2872825}
	EndGlobalSection
EndGlobal
